
Microsoft Visual Studio Solution File, Format Version 12.00
# Visual Studio 15
VisualStudioVersion = 15.0.28010.2026
MinimumVisualStudioVersion = 10.0.40219.1
Project("{9092AA53-FB77-4645-B42D-1CCCA6BD08BD}") = "ReactTemplate", "ReactTemplate\ReactTemplate.njsproj", "{A81AF0DF-0559-4BE2-9352-7B38A386680E}"
EndProject
Global
	GlobalSection(SolutionConfigurationPlatforms) = preSolution
		Debug|Any CPU = Debug|Any CPU
		Release|Any CPU = Release|Any CPU
	EndGlobalSection
	GlobalSection(ProjectConfigurationPlatforms) = postSolution
		{A81AF0DF-0559-4BE2-9352-7B38A386680E}.Debug|Any CPU.ActiveCfg = Debug|Any CPU
		{A81AF0DF-0559-4BE2-9352-7B38A386680E}.Debug|Any CPU.Build.0 = Debug|Any CPU
		{A81AF0DF-0559-4BE2-9352-7B38A386680E}.Release|Any CPU.ActiveCfg = Release|Any CPU
		{A81AF0DF-0559-4BE2-9352-7B38A386680E}.Release|Any CPU.Build.0 = Release|Any CPU
	EndGlobalSection
	GlobalSection(SolutionProperties) = preSolution
		HideSolutionNode = FALSE
	EndGlobalSection
	GlobalSection(ExtensibilityGlobals) = postSolution
		SolutionGuid = {72E09CAF-4212-4860-980B-46BD34DD2183}
	EndGlobalSection
EndGlobal
